// !$*UTF8*$!
{
	archiveVersion = 1;
	classes = {
	};
	objectVersion = 56;
	objects = {

/* Begin PBXBuildFile section */
		8A1B2C3D4E5F60718293A4B5 /* LocationzApp.swift in Sources */ = {isa = PBXBuildFile; fileRef = 1A2B3C4D5E6F70819203A4B5 /* LocationzApp.swift */; };
		8A1B2C3D4E5F60718293A4B6 /* ContentView.swift in Sources */ = {isa = PBXBuildFile; fileRef = 1A2B3C4D5E6F70819203A4B6 /* ContentView.swift */; };
		8A1B2C3D4E5F60718293A4B7 /* LoginView.swift in Sources */ = {isa = PBXBuildFile; fileRef = 1A2B3C4D5E6F70819203A4B7 /* LoginView.swift */; };
		8A1B2C3D4E5F60718293A4B8 /* RegisterView.swift in Sources */ = {isa = PBXBuildFile; fileRef = 1A2B3C4D5E6F70819203A4B8 /* RegisterView.swift */; };
		8A1B2C3D4E5F60718293A4B9 /* DeviceSelectionView.swift in Sources */ = {isa = PBXBuildFile; fileRef = 1A2B3C4D5E6F70819203A4B9 /* DeviceSelectionView.swift */; };
		8A1B2C3D4E5F60718293A4C0 /* TrackingView.swift in Sources */ = {isa = PBXBuildFile; fileRef = 1A2B3C4D5E6F70819203A4C0 /* TrackingView.swift */; };
		8A1B2C3D4E5F60718293A4C1 /* SettingsView.swift in Sources */ = {isa = PBXBuildFile; fileRef = 1A2B3C4D5E6F70819203A4C1 /* SettingsView.swift */; };
		8A1B2C3D4E5F60718293A4C2 /* VisitsView.swift in Sources */ = {isa = PBXBuildFile; fileRef = 1A2B3C4D5E6F70819203A4C2 /* VisitsView.swift */; };
		8A1B2C3D4E5F60718293A4C3 /* FrequentPlacesView.swift in Sources */ = {isa = PBXBuildFile; fileRef = 1A2B3C4D5E6F70819203A4C3 /* FrequentPlacesView.swift */; };
		8A1B2C3D4E5F60718293A4C4 /* APIService.swift in Sources */ = {isa = PBXBuildFile; fileRef = 1A2B3C4D5E6F70819203A4C4 /* APIService.swift */; };
		8A1B2C3D4E5F60718293A4C5 /* LocationService.swift in Sources */ = {isa = PBXBuildFile; fileRef = 1A2B3C4D5E6F70819203A4C5 /* LocationService.swift */; };
		8A1B2C3D4E5F60718293A4D2 /* Log.swift in Sources */ = {isa = PBXBuildFile; fileRef = 1A2B3C4D5E6F70819203A4D3 /* Log.swift */; };
		8A1B2C3D4E5F60718293A4D4 /* BluetoothService.swift in Sources */ = {isa = PBXBuildFile; fileRef = 1A2B3C4D5E6F70819203A4D5 /* BluetoothService.swift */; };
		8A1B2C3D4E5F60718293A4C6 /* User.swift in Sources */ = {isa = PBXBuildFile; fileRef = 1A2B3C4D5E6F70819203A4C6 /* User.swift */; };
		8A1B2C3D4E5F60718293A4C7 /* Device.swift in Sources */ = {isa = PBXBuildFile; fileRef = 1A2B3C4D5E6F70819203A4C7 /* Device.swift */; };
		8A1B2C3D4E5F60718293A4C8 /* LocationPoint.swift in Sources */ = {isa = PBXBuildFile; fileRef = 1A2B3C4D5E6F70819203A4C8 /* LocationPoint.swift */; };
		8A1B2C3D4E5F60718293A4C9 /* Visit.swift in Sources */ = {isa = PBXBuildFile; fileRef = 1A2B3C4D5E6F70819203A4C9 /* Visit.swift */; };
		8A1B2C3D4E5F60718293A4D0 /* Place.swift in Sources */ = {isa = PBXBuildFile; fileRef = 1A2B3C4D5E6F70819203A4D0 /* Place.swift */; };
		8A1B2C3D4E5F60718293A4D1 /* TestData.swift in Sources */ = {isa = PBXBuildFile; fileRef = 1A2B3C4D5E6F70819203A4D1 /* TestData.swift */; };
		8A1B2C3D4E5F60718293A4E0 /* ModelTests.swift in Sources */ = {isa = PBXBuildFile; fileRef = 1A2B3C4D5E6F70819203A4E0 /* ModelTests.swift */; };
		8A1B2C3D4E5F60718293A4F0 /* Assets.xcassets in Resources */ = {isa = PBXBuildFile; fileRef = 1A2B3C4D5E6F70819203A4F0 /* Assets.xcassets */; };
		FB1B2C3D0E5F000C0002A3B4 /* PhoneConnectivityService.swift in Sources */ = {isa = PBXBuildFile; fileRef = FA1B2C3D0E5F00080002A3B4 /* PhoneConnectivityService.swift */; };
		FB1B2C3D0E5F00010002A3B4 /* LocationzWatchApp.swift in Sources */ = {isa = PBXBuildFile; fileRef = FA1B2C3D0E5F00010002A3B4 /* LocationzWatchApp.swift */; };
		FB1B2C3D0E5F00020002A3B4 /* WatchTrackingView.swift in Sources */ = {isa = PBXBuildFile; fileRef = FA1B2C3D0E5F00020002A3B4 /* WatchTrackingView.swift */; };
		FB1B2C3D0E5F00030002A3B4 /* WatchLocationService.swift in Sources */ = {isa = PBXBuildFile; fileRef = FA1B2C3D0E5F00030002A3B4 /* WatchLocationService.swift */; };
		FB1B2C3D0E5F00040002A3B4 /* WatchAPIService.swift in Sources */ = {isa = PBXBuildFile; fileRef = FA1B2C3D0E5F00040002A3B4 /* WatchAPIService.swift */; };
		FB1B2C3D0E5F00050002A3B4 /* WatchConnectivityService.swift in Sources */ = {isa = PBXBuildFile; fileRef = FA1B2C3D0E5F00050002A3B4 /* WatchConnectivityService.swift */; };
		FB1B2C3D0E5F00060002A3B4 /* Assets.xcassets in Resources */ = {isa = PBXBuildFile; fileRef = FA1B2C3D0E5F00060002A3B4 /* Assets.xcassets */; };
		FB1B2C3D0E5F00070002A3B4 /* LocationPoint.swift in Sources */ = {isa = PBXBuildFile; fileRef = 1A2B3C4D5E6F70819203A4C8 /* LocationPoint.swift */; };
		FB1B2C3D0E5F00080002A3B4 /* User.swift in Sources */ = {isa = PBXBuildFile; fileRef = 1A2B3C4D5E6F70819203A4C6 /* User.swift */; };
		FB1B2C3D0E5F00090002A3B4 /* Device.swift in Sources */ = {isa = PBXBuildFile; fileRef = 1A2B3C4D5E6F70819203A4C7 /* Device.swift */; };
		FB1B2C3D0E5F000A0002A3B4 /* Visit.swift in Sources */ = {isa = PBXBuildFile; fileRef = 1A2B3C4D5E6F70819203A4C9 /* Visit.swift */; };
		FB1B2C3D0E5F000B0002A3B4 /* Place.swift in Sources */ = {isa = PBXBuildFile; fileRef = 1A2B3C4D5E6F70819203A4D0 /* Place.swift */; };
/* End PBXBuildFile section */

/* Begin PBXContainerItemProxy section */
		3C4D5E6F70819203A4B5C6D7 /* PBXContainerItemProxy */ = {
			isa = PBXContainerItemProxy;
			containerPortal = 0A1B2C3D4E5F60718293A4B5 /* Project object */;
			proxyType = 1;
			remoteGlobalIDString = 5E6F70819203A4B5C6D7E8F9;
			remoteInfo = Locationz;
		};
/* End PBXContainerItemProxy section */

/* Begin PBXFileReference section */
		1A2B3C4D5E6F70819203A4B5 /* LocationzApp.swift */ = {isa = PBXFileReference; lastKnownFileType = sourcecode.swift; path = LocationzApp.swift; sourceTree = "<group>"; };
		1A2B3C4D5E6F70819203A4B6 /* ContentView.swift */ = {isa = PBXFileReference; lastKnownFileType = sourcecode.swift; path = ContentView.swift; sourceTree = "<group>"; };
		1A2B3C4D5E6F70819203A4B7 /* LoginView.swift */ = {isa = PBXFileReference; lastKnownFileType = sourcecode.swift; path = LoginView.swift; sourceTree = "<group>"; };
		1A2B3C4D5E6F70819203A4B8 /* RegisterView.swift */ = {isa = PBXFileReference; lastKnownFileType = sourcecode.swift; path = RegisterView.swift; sourceTree = "<group>"; };
		1A2B3C4D5E6F70819203A4B9 /* DeviceSelectionView.swift */ = {isa = PBXFileReference; lastKnownFileType = sourcecode.swift; path = DeviceSelectionView.swift; sourceTree = "<group>"; };
		1A2B3C4D5E6F70819203A4C0 /* TrackingView.swift */ = {isa = PBXFileReference; lastKnownFileType = sourcecode.swift; path = TrackingView.swift; sourceTree = "<group>"; };
		1A2B3C4D5E6F70819203A4C1 /* SettingsView.swift */ = {isa = PBXFileReference; lastKnownFileType = sourcecode.swift; path = SettingsView.swift; sourceTree = "<group>"; };
		1A2B3C4D5E6F70819203A4C2 /* VisitsView.swift */ = {isa = PBXFileReference; lastKnownFileType = sourcecode.swift; path = VisitsView.swift; sourceTree = "<group>"; };
		1A2B3C4D5E6F70819203A4C3 /* FrequentPlacesView.swift */ = {isa = PBXFileReference; lastKnownFileType = sourcecode.swift; path = FrequentPlacesView.swift; sourceTree = "<group>"; };
		1A2B3C4D5E6F70819203A4C4 /* APIService.swift */ = {isa = PBXFileReference; lastKnownFileType = sourcecode.swift; path = APIService.swift; sourceTree = "<group>"; };
		1A2B3C4D5E6F70819203A4C5 /* LocationService.swift */ = {isa = PBXFileReference; lastKnownFileType = sourcecode.swift; path = LocationService.swift; sourceTree = "<group>"; };
		1A2B3C4D5E6F70819203A4D3 /* Log.swift */ = {isa = PBXFileReference; lastKnownFileType = sourcecode.swift; path = Log.swift; sourceTree = "<group>"; };
		1A2B3C4D5E6F70819203A4D5 /* BluetoothService.swift */ = {isa = PBXFileReference; lastKnownFileType = sourcecode.swift; path = BluetoothService.swift; sourceTree = "<group>"; };
		1A2B3C4D5E6F70819203A4C6 /* User.swift */ = {isa = PBXFileReference; lastKnownFileType = sourcecode.swift; path = User.swift; sourceTree = "<group>"; };
		1A2B3C4D5E6F70819203A4C7 /* Device.swift */ = {isa = PBXFileReference; lastKnownFileType = sourcecode.swift; path = Device.swift; sourceTree = "<group>"; };
		1A2B3C4D5E6F70819203A4C8 /* LocationPoint.swift */ = {isa = PBXFileReference; lastKnownFileType = sourcecode.swift; path = LocationPoint.swift; sourceTree = "<group>"; };
		1A2B3C4D5E6F70819203A4C9 /* Visit.swift */ = {isa = PBXFileReference; lastKnownFileType = sourcecode.swift; path = Visit.swift; sourceTree = "<group>"; };
		1A2B3C4D5E6F70819203A4D0 /* Place.swift */ = {isa = PBXFileReference; lastKnownFileType = sourcecode.swift; path = Place.swift; sourceTree = "<group>"; };
		1A2B3C4D5E6F70819203A4D1 /* TestData.swift */ = {isa = PBXFileReference; lastKnownFileType = sourcecode.swift; path = TestData.swift; sourceTree = "<group>"; };
		1A2B3C4D5E6F70819203A4D2 /* Info.plist */ = {isa = PBXFileReference; lastKnownFileType = text.plist.xml; path = Info.plist; sourceTree = "<group>"; };
		1A2B3C4D5E6F70819203A4F0 /* Assets.xcassets */ = {isa = PBXFileReference; lastKnownFileType = folder.assetcatalog; path = Assets.xcassets; sourceTree = "<group>"; };
		1A2B3C4D5E6F70819203A4E0 /* ModelTests.swift */ = {isa = PBXFileReference; lastKnownFileType = sourcecode.swift; path = ModelTests.swift; sourceTree = "<group>"; };
		9F0E1D2C3B4A59687706A5B4 /* Locationz.app */ = {isa = PBXFileReference; explicitFileType = wrapper.application; includeInIndex = 0; path = Locationz.app; sourceTree = BUILT_PRODUCTS_DIR; };
		9F0E1D2C3B4A59687706A5B5 /* LocationzTests.xctest */ = {isa = PBXFileReference; explicitFileType = wrapper.cfbundle; includeInIndex = 0; path = LocationzTests.xctest; sourceTree = BUILT_PRODUCTS_DIR; };
		FA1B2C3D0E5F00010002A3B4 /* LocationzWatchApp.swift */ = {isa = PBXFileReference; lastKnownFileType = sourcecode.swift; path = LocationzWatchApp.swift; sourceTree = "<group>"; };
		FA1B2C3D0E5F00020002A3B4 /* WatchTrackingView.swift */ = {isa = PBXFileReference; lastKnownFileType = sourcecode.swift; path = WatchTrackingView.swift; sourceTree = "<group>"; };
		FA1B2C3D0E5F00030002A3B4 /* WatchLocationService.swift */ = {isa = PBXFileReference; lastKnownFileType = sourcecode.swift; path = WatchLocationService.swift; sourceTree = "<group>"; };
		FA1B2C3D0E5F00040002A3B4 /* WatchAPIService.swift */ = {isa = PBXFileReference; lastKnownFileType = sourcecode.swift; path = WatchAPIService.swift; sourceTree = "<group>"; };
		FA1B2C3D0E5F00050002A3B4 /* WatchConnectivityService.swift */ = {isa = PBXFileReference; lastKnownFileType = sourcecode.swift; path = WatchConnectivityService.swift; sourceTree = "<group>"; };
		FA1B2C3D0E5F00060002A3B4 /* Assets.xcassets */ = {isa = PBXFileReference; lastKnownFileType = folder.assetcatalog; path = Assets.xcassets; sourceTree = "<group>"; };
		FA1B2C3D0E5F00070002A3B4 /* Info.plist */ = {isa = PBXFileReference; lastKnownFileType = text.plist.xml; path = Info.plist; sourceTree = "<group>"; };
		FA1B2C3D0E5F00080002A3B4 /* PhoneConnectivityService.swift */ = {isa = PBXFileReference; lastKnownFileType = sourcecode.swift; path = PhoneConnectivityService.swift; sourceTree = "<group>"; };
		FF1B2C3D0E5F00010002A3B4 /* LocationzWatch.app */ = {isa = PBXFileReference; explicitFileType = wrapper.application; includeInIndex = 0; path = LocationzWatch.app; sourceTree = BUILT_PRODUCTS_DIR; };
/* End PBXFileReference section */

/* Begin PBXFrameworksBuildPhase section */
		4D5E6F70819203A4B5C6D7E8 /* Frameworks */ = {
			isa = PBXFrameworksBuildPhase;
			buildActionMask = 2147483647;
			files = (
			);
			runOnlyForDeploymentPostprocessing = 0;
		};
		4D5E6F70819203A4B5C6D7E9 /* Frameworks */ = {
			isa = PBXFrameworksBuildPhase;
			buildActionMask = 2147483647;
			files = (
			);
			runOnlyForDeploymentPostprocessing = 0;
		};
		FE1B2C3D0E5F00020002A3B4 /* Frameworks */ = {
			isa = PBXFrameworksBuildPhase;
			buildActionMask = 2147483647;
			files = (
			);
			runOnlyForDeploymentPostprocessing = 0;
		};
/* End PBXFrameworksBuildPhase section */

/* Begin PBXGroup section */
		2B3C4D5E6F70819203A4B5C6 = {
			isa = PBXGroup;
			children = (
				2B3C4D5E6F70819203A4B5C7 /* Locationz */,
				FC1B2C3D0E5F00010002A3B4 /* LocationzWatch */,
				2B3C4D5E6F70819203A4B5D0 /* LocationzTests */,
				2B3C4D5E6F70819203A4B5C8 /* Products */,
			);
			sourceTree = "<group>";
		};
		2B3C4D5E6F70819203A4B5C7 /* Locationz */ = {
			isa = PBXGroup;
			children = (
				1A2B3C4D5E6F70819203A4B5 /* LocationzApp.swift */,
				1A2B3C4D5E6F70819203A4D2 /* Info.plist */,
				1A2B3C4D5E6F70819203A4F0 /* Assets.xcassets */,
				2B3C4D5E6F70819203A4B5C9 /* Models */,
				2B3C4D5E6F70819203A4B5CA /* Views */,
				2B3C4D5E6F70819203A4B5CB /* Services */,
			);
			path = Locationz;
			sourceTree = "<group>";
		};
		2B3C4D5E6F70819203A4B5C8 /* Products */ = {
			isa = PBXGroup;
			children = (
				9F0E1D2C3B4A59687706A5B4 /* Locationz.app */,
				9F0E1D2C3B4A59687706A5B5 /* LocationzTests.xctest */,
				FF1B2C3D0E5F00010002A3B4 /* LocationzWatch.app */,
			);
			name = Products;
			sourceTree = "<group>";
		};
		2B3C4D5E6F70819203A4B5C9 /* Models */ = {
			isa = PBXGroup;
			children = (
				1A2B3C4D5E6F70819203A4C6 /* User.swift */,
				1A2B3C4D5E6F70819203A4C7 /* Device.swift */,
				1A2B3C4D5E6F70819203A4C8 /* LocationPoint.swift */,
				1A2B3C4D5E6F70819203A4C9 /* Visit.swift */,
				1A2B3C4D5E6F70819203A4D0 /* Place.swift */,
				1A2B3C4D5E6F70819203A4D1 /* TestData.swift */,
			);
			path = Models;
			sourceTree = "<group>";
		};
		2B3C4D5E6F70819203A4B5CA /* Views */ = {
			isa = PBXGroup;
			children = (
				1A2B3C4D5E6F70819203A4B6 /* ContentView.swift */,
				1A2B3C4D5E6F70819203A4B7 /* LoginView.swift */,
				1A2B3C4D5E6F70819203A4B8 /* RegisterView.swift */,
				1A2B3C4D5E6F70819203A4B9 /* DeviceSelectionView.swift */,
				1A2B3C4D5E6F70819203A4C0 /* TrackingView.swift */,
				1A2B3C4D5E6F70819203A4C1 /* SettingsView.swift */,
				1A2B3C4D5E6F70819203A4C2 /* VisitsView.swift */,
				1A2B3C4D5E6F70819203A4C3 /* FrequentPlacesView.swift */,
			);
			path = Views;
			sourceTree = "<group>";
		};
		2B3C4D5E6F70819203A4B5CB /* Services */ = {
			isa = PBXGroup;
			children = (
				1A2B3C4D5E6F70819203A4C4 /* APIService.swift */,
				1A2B3C4D5E6F70819203A4D5 /* BluetoothService.swift */,
				1A2B3C4D5E6F70819203A4C5 /* LocationService.swift */,
				1A2B3C4D5E6F70819203A4D3 /* Log.swift */,
				FA1B2C3D0E5F00080002A3B4 /* PhoneConnectivityService.swift */,
			);
			path = Services;
			sourceTree = "<group>";
		};
		2B3C4D5E6F70819203A4B5D0 /* LocationzTests */ = {
			isa = PBXGroup;
			children = (
				1A2B3C4D5E6F70819203A4E0 /* ModelTests.swift */,
			);
			path = LocationzTests;
			sourceTree = "<group>";
		};
		FC1B2C3D0E5F00010002A3B4 /* LocationzWatch */ = {
			isa = PBXGroup;
			children = (
				FA1B2C3D0E5F00010002A3B4 /* LocationzWatchApp.swift */,
				FA1B2C3D0E5F00020002A3B4 /* WatchTrackingView.swift */,
				FA1B2C3D0E5F00070002A3B4 /* Info.plist */,
				FA1B2C3D0E5F00060002A3B4 /* Assets.xcassets */,
				FC1B2C3D0E5F00020002A3B4 /* Services */,
			);
			path = LocationzWatch;
			sourceTree = "<group>";
		};
		FC1B2C3D0E5F00020002A3B4 /* Services */ = {
			isa = PBXGroup;
			children = (
				FA1B2C3D0E5F00030002A3B4 /* WatchLocationService.swift */,
				FA1B2C3D0E5F00040002A3B4 /* WatchAPIService.swift */,
				FA1B2C3D0E5F00050002A3B4 /* WatchConnectivityService.swift */,
			);
			path = Services;
			sourceTree = "<group>";
		};
/* End PBXGroup section */

/* Begin PBXNativeTarget section */
		5E6F70819203A4B5C6D7E8F9 /* Locationz */ = {
			isa = PBXNativeTarget;
			buildConfigurationList = 7A8B9C0D1E2F30415263A4B5 /* Build configuration list for PBXNativeTarget "Locationz" */;
			buildPhases = (
				6F70819203A4B5C6D7E8F90A /* Sources */,
				4D5E6F70819203A4B5C6D7E8 /* Frameworks */,
				6F70819203A4B5C6D7E8F90B /* Resources */,
			);
			buildRules = (
			);
			dependencies = (
			);
			name = Locationz;
			productName = Locationz;
			productReference = 9F0E1D2C3B4A59687706A5B4 /* Locationz.app */;
			productType = "com.apple.product-type.application";
		};
		5E6F70819203A4B5C6D7E900 /* LocationzTests */ = {
			isa = PBXNativeTarget;
			buildConfigurationList = 7A8B9C0D1E2F30415263A4B7 /* Build configuration list for PBXNativeTarget "LocationzTests" */;
			buildPhases = (
				6F70819203A4B5C6D7E8F90C /* Sources */,
				4D5E6F70819203A4B5C6D7E9 /* Frameworks */,
			);
			buildRules = (
			);
			dependencies = (
				3C4D5E6F70819203A4B5C6D8 /* PBXTargetDependency */,
			);
			name = LocationzTests;
			productName = LocationzTests;
			productReference = 9F0E1D2C3B4A59687706A5B5 /* LocationzTests.xctest */;
			productType = "com.apple.product-type.bundle.unit-test";
		};
		FD1B2C3D0E5F00010002A3B4 /* LocationzWatch */ = {
			isa = PBXNativeTarget;
			buildConfigurationList = DD1B2C3D0E5F00030002A3B4 /* Build configuration list for PBXNativeTarget "LocationzWatch" */;
			buildPhases = (
				FE1B2C3D0E5F00010002A3B4 /* Sources */,
				FE1B2C3D0E5F00020002A3B4 /* Frameworks */,
				FE1B2C3D0E5F00030002A3B4 /* Resources */,
			);
			buildRules = (
			);
			dependencies = (
			);
			name = LocationzWatch;
			productName = LocationzWatch;
			productReference = FF1B2C3D0E5F00010002A3B4 /* LocationzWatch.app */;
			productType = "com.apple.product-type.application";
		};
/* End PBXNativeTarget section */

/* Begin PBXProject section */
		0A1B2C3D4E5F60718293A4B5 /* Project object */ = {
			isa = PBXProject;
			attributes = {
				BuildIndependentTargetsInParallel = 1;
				LastSwiftUpdateCheck = 1500;
				LastUpgradeCheck = 1500;
				TargetAttributes = {
					5E6F70819203A4B5C6D7E8F9 = {
						CreatedOnToolsVersion = 15.0;
					};
					5E6F70819203A4B5C6D7E900 = {
						CreatedOnToolsVersion = 15.0;
						TestTargetID = 5E6F70819203A4B5C6D7E8F9;
					};
					FD1B2C3D0E5F00010002A3B4 = {
						CreatedOnToolsVersion = 15.0;
					};
				};
			};
			buildConfigurationList = 7A8B9C0D1E2F30415263A4B3 /* Build configuration list for PBXProject "Locationz" */;
			compatibilityVersion = "Xcode 14.0";
			developmentRegion = en;
			hasScannedForEncodings = 0;
			knownRegions = (
				en,
				Base,
			);
			mainGroup = 2B3C4D5E6F70819203A4B5C6;
			productRefGroup = 2B3C4D5E6F70819203A4B5C8 /* Products */;
			projectDirPath = "";
			projectRoot = "";
			targets = (
				5E6F70819203A4B5C6D7E8F9 /* Locationz */,
				5E6F70819203A4B5C6D7E900 /* LocationzTests */,
				FD1B2C3D0E5F00010002A3B4 /* LocationzWatch */,
			);
		};
/* End PBXProject section */

/* Begin PBXResourcesBuildPhase section */
		6F70819203A4B5C6D7E8F90B /* Resources */ = {
			isa = PBXResourcesBuildPhase;
			buildActionMask = 2147483647;
			files = (
				8A1B2C3D4E5F60718293A4F0 /* Assets.xcassets in Resources */,
			);
			runOnlyForDeploymentPostprocessing = 0;
		};
		FE1B2C3D0E5F00030002A3B4 /* Resources */ = {
			isa = PBXResourcesBuildPhase;
			buildActionMask = 2147483647;
			files = (
				FB1B2C3D0E5F00060002A3B4 /* Assets.xcassets in Resources */,
			);
			runOnlyForDeploymentPostprocessing = 0;
		};
/* End PBXResourcesBuildPhase section */

/* Begin PBXSourcesBuildPhase section */
		6F70819203A4B5C6D7E8F90A /* Sources */ = {
			isa = PBXSourcesBuildPhase;
			buildActionMask = 2147483647;
			files = (
				8A1B2C3D4E5F60718293A4B5 /* LocationzApp.swift in Sources */,
				8A1B2C3D4E5F60718293A4B6 /* ContentView.swift in Sources */,
				8A1B2C3D4E5F60718293A4B7 /* LoginView.swift in Sources */,
				8A1B2C3D4E5F60718293A4B8 /* RegisterView.swift in Sources */,
				8A1B2C3D4E5F60718293A4B9 /* DeviceSelectionView.swift in Sources */,
				8A1B2C3D4E5F60718293A4C0 /* TrackingView.swift in Sources */,
				8A1B2C3D4E5F60718293A4C1 /* SettingsView.swift in Sources */,
				8A1B2C3D4E5F60718293A4C2 /* VisitsView.swift in Sources */,
				8A1B2C3D4E5F60718293A4C3 /* FrequentPlacesView.swift in Sources */,
				8A1B2C3D4E5F60718293A4C4 /* APIService.swift in Sources */,
				8A1B2C3D4E5F60718293A4C5 /* LocationService.swift in Sources */,
				8A1B2C3D4E5F60718293A4D2 /* Log.swift in Sources */,
				8A1B2C3D4E5F60718293A4D4 /* BluetoothService.swift in Sources */,
				8A1B2C3D4E5F60718293A4C6 /* User.swift in Sources */,
				8A1B2C3D4E5F60718293A4C7 /* Device.swift in Sources */,
				8A1B2C3D4E5F60718293A4C8 /* LocationPoint.swift in Sources */,
				8A1B2C3D4E5F60718293A4C9 /* Visit.swift in Sources */,
				8A1B2C3D4E5F60718293A4D0 /* Place.swift in Sources */,
				8A1B2C3D4E5F60718293A4D1 /* TestData.swift in Sources */,
				FB1B2C3D0E5F000C0002A3B4 /* PhoneConnectivityService.swift in Sources */,
			);
			runOnlyForDeploymentPostprocessing = 0;
		};
		FE1B2C3D0E5F00010002A3B4 /* Sources */ = {
			isa = PBXSourcesBuildPhase;
			buildActionMask = 2147483647;
			files = (
				FB1B2C3D0E5F00010002A3B4 /* LocationzWatchApp.swift in Sources */,
				FB1B2C3D0E5F00020002A3B4 /* WatchTrackingView.swift in Sources */,
				FB1B2C3D0E5F00030002A3B4 /* WatchLocationService.swift in Sources */,
				FB1B2C3D0E5F00040002A3B4 /* WatchAPIService.swift in Sources */,
				FB1B2C3D0E5F00050002A3B4 /* WatchConnectivityService.swift in Sources */,
				FB1B2C3D0E5F00070002A3B4 /* LocationPoint.swift in Sources */,
				FB1B2C3D0E5F00080002A3B4 /* User.swift in Sources */,
				FB1B2C3D0E5F00090002A3B4 /* Device.swift in Sources */,
				FB1B2C3D0E5F000A0002A3B4 /* Visit.swift in Sources */,
				FB1B2C3D0E5F000B0002A3B4 /* Place.swift in Sources */,
			);
			runOnlyForDeploymentPostprocessing = 0;
		};
		6F70819203A4B5C6D7E8F90C /* Sources */ = {
			isa = PBXSourcesBuildPhase;
			buildActionMask = 2147483647;
			files = (
				8A1B2C3D4E5F60718293A4E0 /* ModelTests.swift in Sources */,
			);
			runOnlyForDeploymentPostprocessing = 0;
		};
/* End PBXSourcesBuildPhase section */

/* Begin PBXTargetDependency section */
		3C4D5E6F70819203A4B5C6D8 /* PBXTargetDependency */ = {
			isa = PBXTargetDependency;
			target = 5E6F70819203A4B5C6D7E8F9 /* Locationz */;
			targetProxy = 3C4D5E6F70819203A4B5C6D7 /* PBXContainerItemProxy */;
		};
/* End PBXTargetDependency section */

/* Begin XCBuildConfiguration section */
		AA1B2C3D4E5F60718293A4B5 /* Debug */ = {
			isa = XCBuildConfiguration;
			buildSettings = {
				ALWAYS_SEARCH_USER_PATHS = NO;
				ASSETCATALOG_COMPILER_GENERATE_SWIFT_ASSET_SYMBOL_EXTENSIONS = YES;
				CLANG_ANALYZER_NONNULL = YES;
				CLANG_CXX_LANGUAGE_STANDARD = "gnu++20";
				CLANG_ENABLE_MODULES = YES;
				CLANG_ENABLE_OBJC_ARC = YES;
				COPY_PHASE_STRIP = NO;
				DEBUG_INFORMATION_FORMAT = dwarf;
				ENABLE_STRICT_OBJC_MSGSEND = YES;
				ENABLE_TESTABILITY = YES;
				GCC_DYNAMIC_NO_PIC = NO;
				GCC_OPTIMIZATION_LEVEL = 0;
				GCC_PREPROCESSOR_DEFINITIONS = (
					"DEBUG=1",
					"$(inherited)",
				);
				GCC_WARN_ABOUT_RETURN_TYPE = YES_ERROR;
				GCC_WARN_UNINITIALIZED_AUTOS = YES_AGGRESSIVE;
				IPHONEOS_DEPLOYMENT_TARGET = 18.0;
				MTL_ENABLE_DEBUG_INFO = INCLUDE_SOURCE;
				ONLY_ACTIVE_ARCH = YES;
				SDKROOT = iphoneos;
				SWIFT_ACTIVE_COMPILATION_CONDITIONS = "DEBUG $(inherited)";
				SWIFT_OPTIMIZATION_LEVEL = "-Onone";
			};
			name = Debug;
		};
		AA1B2C3D4E5F60718293A4B6 /* Release */ = {
			isa = XCBuildConfiguration;
			buildSettings = {
				ALWAYS_SEARCH_USER_PATHS = NO;
				ASSETCATALOG_COMPILER_GENERATE_SWIFT_ASSET_SYMBOL_EXTENSIONS = YES;
				CLANG_ANALYZER_NONNULL = YES;
				CLANG_CXX_LANGUAGE_STANDARD = "gnu++20";
				CLANG_ENABLE_MODULES = YES;
				CLANG_ENABLE_OBJC_ARC = YES;
				COPY_PHASE_STRIP = NO;
				DEBUG_INFORMATION_FORMAT = "dwarf-with-dsym";
				ENABLE_NS_ASSERTIONS = NO;
				ENABLE_STRICT_OBJC_MSGSEND = YES;
				GCC_WARN_ABOUT_RETURN_TYPE = YES_ERROR;
				GCC_WARN_UNINITIALIZED_AUTOS = YES_AGGRESSIVE;
				IPHONEOS_DEPLOYMENT_TARGET = 18.0;
				SDKROOT = iphoneos;
				SWIFT_COMPILATION_MODE = wholemodule;
				VALIDATE_PRODUCT = YES;
			};
			name = Release;
		};
		BB1B2C3D4E5F60718293A4B5 /* Debug */ = {
			isa = XCBuildConfiguration;
			buildSettings = {
				ASSETCATALOG_COMPILER_APPICON_NAME = AppIcon;
				CODE_SIGN_STYLE = Automatic;
				CURRENT_PROJECT_VERSION = 1;
				DEVELOPMENT_TEAM = 7XYRZFRL6S;
				GENERATE_INFOPLIST_FILE = YES;
				INFOPLIST_FILE = Locationz/Info.plist;
				INFOPLIST_KEY_NSLocationAlwaysAndWhenInUseUsageDescription = "Locationz needs your location to record your position history.";
				INFOPLIST_KEY_NSLocationWhenInUseUsageDescription = "Locationz needs your location to show your current position.";
				INFOPLIST_KEY_UIApplicationSceneManifest_Generation = YES;
				INFOPLIST_KEY_UIApplicationSupportsIndirectInputEvents = YES;
				INFOPLIST_KEY_UILaunchScreen_Generation = YES;
				INFOPLIST_KEY_UISupportedInterfaceOrientations_iPad = "UIInterfaceOrientationPortrait UIInterfaceOrientationPortraitUpsideDown UIInterfaceOrientationLandscapeLeft UIInterfaceOrientationLandscapeRight";
				INFOPLIST_KEY_UISupportedInterfaceOrientations_iPhone = "UIInterfaceOrientationPortrait UIInterfaceOrientationLandscapeLeft UIInterfaceOrientationLandscapeRight";
				LD_RUNPATH_SEARCH_PATHS = (
					"$(inherited)",
					"@executable_path/Frameworks",
				);
				MARKETING_VERSION = 1.0;
				PRODUCT_BUNDLE_IDENTIFIER = ch.codelook.locationz;
				PRODUCT_NAME = "$(TARGET_NAME)";
				SWIFT_EMIT_LOC_STRINGS = YES;
				SWIFT_VERSION = 5.0;
				TARGETED_DEVICE_FAMILY = "1,2";
			};
			name = Debug;
		};
		BB1B2C3D4E5F60718293A4B6 /* Release */ = {
			isa = XCBuildConfiguration;
			buildSettings = {
				ASSETCATALOG_COMPILER_APPICON_NAME = AppIcon;
				CODE_SIGN_STYLE = Automatic;
				CURRENT_PROJECT_VERSION = 1;
				DEVELOPMENT_TEAM = 7XYRZFRL6S;
				GENERATE_INFOPLIST_FILE = YES;
				INFOPLIST_FILE = Locationz/Info.plist;
				INFOPLIST_KEY_NSLocationAlwaysAndWhenInUseUsageDescription = "Locationz needs your location to record your position history.";
				INFOPLIST_KEY_NSLocationWhenInUseUsageDescription = "Locationz needs your location to show your current position.";
				INFOPLIST_KEY_UIApplicationSceneManifest_Generation = YES;
				INFOPLIST_KEY_UIApplicationSupportsIndirectInputEvents = YES;
				INFOPLIST_KEY_UILaunchScreen_Generation = YES;
				INFOPLIST_KEY_UISupportedInterfaceOrientations_iPad = "UIInterfaceOrientationPortrait UIInterfaceOrientationPortraitUpsideDown UIInterfaceOrientationLandscapeLeft UIInterfaceOrientationLandscapeRight";
				INFOPLIST_KEY_UISupportedInterfaceOrientations_iPhone = "UIInterfaceOrientationPortrait UIInterfaceOrientationLandscapeLeft UIInterfaceOrientationLandscapeRight";
				LD_RUNPATH_SEARCH_PATHS = (
					"$(inherited)",
					"@executable_path/Frameworks",
				);
				MARKETING_VERSION = 1.0;
				PRODUCT_BUNDLE_IDENTIFIER = ch.codelook.locationz;
				PRODUCT_NAME = "$(TARGET_NAME)";
				SWIFT_EMIT_LOC_STRINGS = YES;
				SWIFT_VERSION = 5.0;
				TARGETED_DEVICE_FAMILY = "1,2";
			};
			name = Release;
		};
		CC1B2C3D4E5F60718293A4B5 /* Debug */ = {
			isa = XCBuildConfiguration;
			buildSettings = {
				BUNDLE_LOADER = "$(TEST_HOST)";
				CODE_SIGN_STYLE = Automatic;
				CURRENT_PROJECT_VERSION = 1;
				GENERATE_INFOPLIST_FILE = YES;
				IPHONEOS_DEPLOYMENT_TARGET = 18.0;
				MARKETING_VERSION = 1.0;
				PRODUCT_BUNDLE_IDENTIFIER = ch.codelook.locationz.tests;
				PRODUCT_NAME = "$(TARGET_NAME)";
				SWIFT_EMIT_LOC_STRINGS = NO;
				SWIFT_VERSION = 5.0;
				TARGETED_DEVICE_FAMILY = "1,2";
				TEST_HOST = "$(BUILT_PRODUCTS_DIR)/Locationz.app/$(BUNDLE_EXECUTABLE_FOLDER_PATH)/Locationz";
			};
			name = Debug;
		};
		CC1B2C3D4E5F60718293A4B6 /* Release */ = {
			isa = XCBuildConfiguration;
			buildSettings = {
				BUNDLE_LOADER = "$(TEST_HOST)";
				CODE_SIGN_STYLE = Automatic;
				CURRENT_PROJECT_VERSION = 1;
				GENERATE_INFOPLIST_FILE = YES;
				IPHONEOS_DEPLOYMENT_TARGET = 18.0;
				MARKETING_VERSION = 1.0;
				PRODUCT_BUNDLE_IDENTIFIER = ch.codelook.locationz.tests;
				PRODUCT_NAME = "$(TARGET_NAME)";
				SWIFT_EMIT_LOC_STRINGS = NO;
				SWIFT_VERSION = 5.0;
				TARGETED_DEVICE_FAMILY = "1,2";
				TEST_HOST = "$(BUILT_PRODUCTS_DIR)/Locationz.app/$(BUNDLE_EXECUTABLE_FOLDER_PATH)/Locationz";
			};
			name = Release;
		};
		DD1B2C3D0E5F00010002A3B4 /* Debug */ = {
			isa = XCBuildConfiguration;
			buildSettings = {
				ASSETCATALOG_COMPILER_APPICON_NAME = AppIcon;
				CODE_SIGN_STYLE = Automatic;
				CURRENT_PROJECT_VERSION = 1;
				DEVELOPMENT_TEAM = 7XYRZFRL6S;
				GENERATE_INFOPLIST_FILE = YES;
				INFOPLIST_FILE = LocationzWatch/Info.plist;
				INFOPLIST_KEY_CFBundleDisplayName = Locationz;
				INFOPLIST_KEY_NSLocationAlwaysAndWhenInUseUsageDescription = "Locationz needs your location to track your position when your iPhone is not nearby.";
				INFOPLIST_KEY_NSLocationWhenInUseUsageDescription = "Locationz needs your location to track your position.";
				INFOPLIST_KEY_WKCompanionAppBundleIdentifier = ch.codelook.locationz;
				LD_RUNPATH_SEARCH_PATHS = (
					"$(inherited)",
					"@executable_path/Frameworks",
				);
				MARKETING_VERSION = 1.0;
				PRODUCT_BUNDLE_IDENTIFIER = ch.codelook.locationz.watchapp;
				PRODUCT_NAME = "$(TARGET_NAME)";
				SDKROOT = watchos;
				SKIP_INSTALL = YES;
				SWIFT_EMIT_LOC_STRINGS = YES;
				SWIFT_VERSION = 5.0;
				TARGETED_DEVICE_FAMILY = 4;
				WATCHOS_DEPLOYMENT_TARGET = 11.0;
			};
			name = Debug;
		};
		DD1B2C3D0E5F00020002A3B4 /* Release */ = {
			isa = XCBuildConfiguration;
			buildSettings = {
				ASSETCATALOG_COMPILER_APPICON_NAME = AppIcon;
				CODE_SIGN_STYLE = Automatic;
				CURRENT_PROJECT_VERSION = 1;
				DEVELOPMENT_TEAM = 7XYRZFRL6S;
				GENERATE_INFOPLIST_FILE = YES;
				INFOPLIST_FILE = LocationzWatch/Info.plist;
				INFOPLIST_KEY_CFBundleDisplayName = Locationz;
				INFOPLIST_KEY_NSLocationAlwaysAndWhenInUseUsageDescription = "Locationz needs your location to track your position when your iPhone is not nearby.";
				INFOPLIST_KEY_NSLocationWhenInUseUsageDescription = "Locationz needs your location to track your position.";
				INFOPLIST_KEY_WKCompanionAppBundleIdentifier = ch.codelook.locationz;
				LD_RUNPATH_SEARCH_PATHS = (
					"$(inherited)",
					"@executable_path/Frameworks",
				);
				MARKETING_VERSION = 1.0;
				PRODUCT_BUNDLE_IDENTIFIER = ch.codelook.locationz.watchapp;
				PRODUCT_NAME = "$(TARGET_NAME)";
				SDKROOT = watchos;
				SKIP_INSTALL = YES;
				SWIFT_EMIT_LOC_STRINGS = YES;
				SWIFT_VERSION = 5.0;
				TARGETED_DEVICE_FAMILY = 4;
				WATCHOS_DEPLOYMENT_TARGET = 11.0;
			};
			name = Release;
		};
/* End XCBuildConfiguration section */

/* Begin XCConfigurationList section */
		7A8B9C0D1E2F30415263A4B3 /* Build configuration list for PBXProject "Locationz" */ = {
			isa = XCConfigurationList;
			buildConfigurations = (
				AA1B2C3D4E5F60718293A4B5 /* Debug */,
				AA1B2C3D4E5F60718293A4B6 /* Release */,
			);
			defaultConfigurationIsVisible = 0;
			defaultConfigurationName = Release;
		};
		7A8B9C0D1E2F30415263A4B5 /* Build configuration list for PBXNativeTarget "Locationz" */ = {
			isa = XCConfigurationList;
			buildConfigurations = (
				BB1B2C3D4E5F60718293A4B5 /* Debug */,
				BB1B2C3D4E5F60718293A4B6 /* Release */,
			);
			defaultConfigurationIsVisible = 0;
			defaultConfigurationName = Release;
		};
		7A8B9C0D1E2F30415263A4B7 /* Build configuration list for PBXNativeTarget "LocationzTests" */ = {
			isa = XCConfigurationList;
			buildConfigurations = (
				CC1B2C3D4E5F60718293A4B5 /* Debug */,
				CC1B2C3D4E5F60718293A4B6 /* Release */,
			);
			defaultConfigurationIsVisible = 0;
			defaultConfigurationName = Release;
		};
		DD1B2C3D0E5F00030002A3B4 /* Build configuration list for PBXNativeTarget "LocationzWatch" */ = {
			isa = XCConfigurationList;
			buildConfigurations = (
				DD1B2C3D0E5F00010002A3B4 /* Debug */,
				DD1B2C3D0E5F00020002A3B4 /* Release */,
			);
			defaultConfigurationIsVisible = 0;
			defaultConfigurationName = Release;
		};
/* End XCConfigurationList section */
	};
	rootObject = 0A1B2C3D4E5F60718293A4B5 /* Project object */;
}
